
Microsoft Visual Studio Solution File, Format Version 12.00
# Visual Studio Version 17
VisualStudioVersion = 17.0.32126.317
MinimumVisualStudioVersion = 10.0.40219.1
Project("{FAE04EC0-301F-11D3-BF4B-00C04F79EFBC}") = "CigamAPI", "CigamAPI\CigamAPI.csproj", "{110AF56A-C3C8-4708-B205-E7FC96B04FED}"
EndProject
Global
	GlobalSection(SolutionConfigurationPlatforms) = preSolution
		Debug|Any CPU = Debug|Any CPU
		Release|Any CPU = Release|Any CPU
	EndGlobalSection
	GlobalSection(ProjectConfigurationPlatforms) = postSolution
		{110AF56A-C3C8-4708-B205-E7FC96B04FED}.Debug|Any CPU.ActiveCfg = Debug|Any CPU
		{110AF56A-C3C8-4708-B205-E7FC96B04FED}.Debug|Any CPU.Build.0 = Debug|Any CPU
		{110AF56A-C3C8-4708-B205-E7FC96B04FED}.Release|Any CPU.ActiveCfg = Release|Any CPU
		{110AF56A-C3C8-4708-B205-E7FC96B04FED}.Release|Any CPU.Build.0 = Release|Any CPU
	EndGlobalSection
	GlobalSection(SolutionProperties) = preSolution
		HideSolutionNode = FALSE
	EndGlobalSection
	GlobalSection(ExtensibilityGlobals) = postSolution
		SolutionGuid = {53CAB862-515F-45D1-B4C8-0B1F0AD022CB}
	EndGlobalSection
EndGlobal
